
Microsoft Visual Studio Solution File, Format Version 11.00
# Visual Studio 2010
# SharpDevelop 5.1
Project("{FAE04EC0-301F-11D3-BF4B-00C04F79EFBC}") = "WinForms-grafika", "WinForms-grafika\WinForms-grafika.csproj", "{B638B616-3C29-460D-AACE-9D9FC2677009}"
EndProject
Global
	GlobalSection(SolutionConfigurationPlatforms) = preSolution
		Debug|Any CPU = Debug|Any CPU
		Release|Any CPU = Release|Any CPU
	EndGlobalSection
	GlobalSection(ProjectConfigurationPlatforms) = postSolution
		{B638B616-3C29-460D-AACE-9D9FC2677009}.Debug|Any CPU.ActiveCfg = Debug|Any CPU
		{B638B616-3C29-460D-AACE-9D9FC2677009}.Debug|Any CPU.Build.0 = Debug|Any CPU
		{B638B616-3C29-460D-AACE-9D9FC2677009}.Release|Any CPU.ActiveCfg = Release|Any CPU
		{B638B616-3C29-460D-AACE-9D9FC2677009}.Release|Any CPU.Build.0 = Release|Any CPU
	EndGlobalSection
EndGlobal
